
Microsoft Visual Studio Solution File, Format Version 12.00
# Visual Studio Version 17
VisualStudioVersion = 17.0.31903.59
MinimumVisualStudioVersion = 10.0.40219.1
Project("{FAE04EC0-301F-11D3-BF4B-00C04F79EFBC}") = "Task1", "Task1\Task1.csproj", "{FD43AF43-E136-4B8F-82BB-82A452618721}"
EndProject
Project("{FAE04EC0-301F-11D3-BF4B-00C04F79EFBC}") = "Task2", "Task2\Task2.csproj", "{473A9EBB-DB87-419F-A4EC-4FA9FD824D2E}"
EndProject
Project("{FAE04EC0-301F-11D3-BF4B-00C04F79EFBC}") = "Task3", "Task3\Task3.csproj", "{CD4FF28F-8608-478D-9545-C66B63F611B4}"
EndProject
Project("{FAE04EC0-301F-11D3-BF4B-00C04F79EFBC}") = "Task4", "Task4\Task4.csproj", "{71A2A185-9B32-463A-BCE3-8C440563AE5B}"
EndProject
Project("{FAE04EC0-301F-11D3-BF4B-00C04F79EFBC}") = "Task5", "Task5\Task5.csproj", "{6499BC68-033A-4AEB-8512-1685A41E7112}"
EndProject
Project("{FAE04EC0-301F-11D3-BF4B-00C04F79EFBC}") = "Task6", "Task6\Task6.csproj", "{49A110E4-E381-427E-AD9D-78D2235C73FC}"
EndProject
Global
	GlobalSection(SolutionConfigurationPlatforms) = preSolution
		Debug|Any CPU = Debug|Any CPU
		Debug|x64 = Debug|x64
		Debug|x86 = Debug|x86
		Release|Any CPU = Release|Any CPU
		Release|x64 = Release|x64
		Release|x86 = Release|x86
	EndGlobalSection
	GlobalSection(ProjectConfigurationPlatforms) = postSolution
		{FD43AF43-E136-4B8F-82BB-82A452618721}.Debug|Any CPU.ActiveCfg = Debug|Any CPU
		{FD43AF43-E136-4B8F-82BB-82A452618721}.Debug|Any CPU.Build.0 = Debug|Any CPU
		{FD43AF43-E136-4B8F-82BB-82A452618721}.Debug|x64.ActiveCfg = Debug|Any CPU
		{FD43AF43-E136-4B8F-82BB-82A452618721}.Debug|x64.Build.0 = Debug|Any CPU
		{FD43AF43-E136-4B8F-82BB-82A452618721}.Debug|x86.ActiveCfg = Debug|Any CPU
		{FD43AF43-E136-4B8F-82BB-82A452618721}.Debug|x86.Build.0 = Debug|Any CPU
		{FD43AF43-E136-4B8F-82BB-82A452618721}.Release|Any CPU.ActiveCfg = Release|Any CPU
		{FD43AF43-E136-4B8F-82BB-82A452618721}.Release|Any CPU.Build.0 = Release|Any CPU
		{FD43AF43-E136-4B8F-82BB-82A452618721}.Release|x64.ActiveCfg = Release|Any CPU
		{FD43AF43-E136-4B8F-82BB-82A452618721}.Release|x64.Build.0 = Release|Any CPU
		{FD43AF43-E136-4B8F-82BB-82A452618721}.Release|x86.ActiveCfg = Release|Any CPU
		{FD43AF43-E136-4B8F-82BB-82A452618721}.Release|x86.Build.0 = Release|Any CPU
		{473A9EBB-DB87-419F-A4EC-4FA9FD824D2E}.Debug|Any CPU.ActiveCfg = Debug|Any CPU
		{473A9EBB-DB87-419F-A4EC-4FA9FD824D2E}.Debug|Any CPU.Build.0 = Debug|Any CPU
		{473A9EBB-DB87-419F-A4EC-4FA9FD824D2E}.Debug|x64.ActiveCfg = Debug|Any CPU
		{473A9EBB-DB87-419F-A4EC-4FA9FD824D2E}.Debug|x64.Build.0 = Debug|Any CPU
		{473A9EBB-DB87-419F-A4EC-4FA9FD824D2E}.Debug|x86.ActiveCfg = Debug|Any CPU
		{473A9EBB-DB87-419F-A4EC-4FA9FD824D2E}.Debug|x86.Build.0 = Debug|Any CPU
		{473A9EBB-DB87-419F-A4EC-4FA9FD824D2E}.Release|Any CPU.ActiveCfg = Release|Any CPU
		{473A9EBB-DB87-419F-A4EC-4FA9FD824D2E}.Release|Any CPU.Build.0 = Release|Any CPU
		{473A9EBB-DB87-419F-A4EC-4FA9FD824D2E}.Release|x64.ActiveCfg = Release|Any CPU
		{473A9EBB-DB87-419F-A4EC-4FA9FD824D2E}.Release|x64.Build.0 = Release|Any CPU
		{473A9EBB-DB87-419F-A4EC-4FA9FD824D2E}.Release|x86.ActiveCfg = Release|Any CPU
		{473A9EBB-DB87-419F-A4EC-4FA9FD824D2E}.Release|x86.Build.0 = Release|Any CPU
		{CD4FF28F-8608-478D-9545-C66B63F611B4}.Debug|Any CPU.ActiveCfg = Debug|Any CPU
		{CD4FF28F-8608-478D-9545-C66B63F611B4}.Debug|Any CPU.Build.0 = Debug|Any CPU
		{CD4FF28F-8608-478D-9545-C66B63F611B4}.Debug|x64.ActiveCfg = Debug|Any CPU
		{CD4FF28F-8608-478D-9545-C66B63F611B4}.Debug|x64.Build.0 = Debug|Any CPU
		{CD4FF28F-8608-478D-9545-C66B63F611B4}.Debug|x86.ActiveCfg = Debug|Any CPU
		{CD4FF28F-8608-478D-9545-C66B63F611B4}.Debug|x86.Build.0 = Debug|Any CPU
		{CD4FF28F-8608-478D-9545-C66B63F611B4}.Release|Any CPU.ActiveCfg = Release|Any CPU
		{CD4FF28F-8608-478D-9545-C66B63F611B4}.Release|Any CPU.Build.0 = Release|Any CPU
		{CD4FF28F-8608-478D-9545-C66B63F611B4}.Release|x64.ActiveCfg = Release|Any CPU
		{CD4FF28F-8608-478D-9545-C66B63F611B4}.Release|x64.Build.0 = Release|Any CPU
		{CD4FF28F-8608-478D-9545-C66B63F611B4}.Release|x86.ActiveCfg = Release|Any CPU
		{CD4FF28F-8608-478D-9545-C66B63F611B4}.Release|x86.Build.0 = Release|Any CPU
		{71A2A185-9B32-463A-BCE3-8C440563AE5B}.Debug|Any CPU.ActiveCfg = Debug|Any CPU
		{71A2A185-9B32-463A-BCE3-8C440563AE5B}.Debug|Any CPU.Build.0 = Debug|Any CPU
		{71A2A185-9B32-463A-BCE3-8C440563AE5B}.Debug|x64.ActiveCfg = Debug|Any CPU
		{71A2A185-9B32-463A-BCE3-8C440563AE5B}.Debug|x64.Build.0 = Debug|Any CPU
		{71A2A185-9B32-463A-BCE3-8C440563AE5B}.Debug|x86.ActiveCfg = Debug|Any CPU
		{71A2A185-9B32-463A-BCE3-8C440563AE5B}.Debug|x86.Build.0 = Debug|Any CPU
		{71A2A185-9B32-463A-BCE3-8C440563AE5B}.Release|Any CPU.ActiveCfg = Release|Any CPU
		{71A2A185-9B32-463A-BCE3-8C440563AE5B}.Release|Any CPU.Build.0 = Release|Any CPU
		{71A2A185-9B32-463A-BCE3-8C440563AE5B}.Release|x64.ActiveCfg = Release|Any CPU
		{71A2A185-9B32-463A-BCE3-8C440563AE5B}.Release|x64.Build.0 = Release|Any CPU
		{71A2A185-9B32-463A-BCE3-8C440563AE5B}.Release|x86.ActiveCfg = Release|Any CPU
		{71A2A185-9B32-463A-BCE3-8C440563AE5B}.Release|x86.Build.0 = Release|Any CPU
		{6499BC68-033A-4AEB-8512-1685A41E7112}.Debug|Any CPU.ActiveCfg = Debug|Any CPU
		{6499BC68-033A-4AEB-8512-1685A41E7112}.Debug|Any CPU.Build.0 = Debug|Any CPU
		{6499BC68-033A-4AEB-8512-1685A41E7112}.Debug|x64.ActiveCfg = Debug|Any CPU
		{6499BC68-033A-4AEB-8512-1685A41E7112}.Debug|x64.Build.0 = Debug|Any CPU
		{6499BC68-033A-4AEB-8512-1685A41E7112}.Debug|x86.ActiveCfg = Debug|Any CPU
		{6499BC68-033A-4AEB-8512-1685A41E7112}.Debug|x86.Build.0 = Debug|Any CPU
		{6499BC68-033A-4AEB-8512-1685A41E7112}.Release|Any CPU.ActiveCfg = Release|Any CPU
		{6499BC68-033A-4AEB-8512-1685A41E7112}.Release|Any CPU.Build.0 = Release|Any CPU
		{6499BC68-033A-4AEB-8512-1685A41E7112}.Release|x64.ActiveCfg = Release|Any CPU
		{6499BC68-033A-4AEB-8512-1685A41E7112}.Release|x64.Build.0 = Release|Any CPU
		{6499BC68-033A-4AEB-8512-1685A41E7112}.Release|x86.ActiveCfg = Release|Any CPU
		{6499BC68-033A-4AEB-8512-1685A41E7112}.Release|x86.Build.0 = Release|Any CPU
		{49A110E4-E381-427E-AD9D-78D2235C73FC}.Debug|Any CPU.ActiveCfg = Debug|Any CPU
		{49A110E4-E381-427E-AD9D-78D2235C73FC}.Debug|Any CPU.Build.0 = Debug|Any CPU
		{49A110E4-E381-427E-AD9D-78D2235C73FC}.Debug|x64.ActiveCfg = Debug|Any CPU
		{49A110E4-E381-427E-AD9D-78D2235C73FC}.Debug|x64.Build.0 = Debug|Any CPU
		{49A110E4-E381-427E-AD9D-78D2235C73FC}.Debug|x86.ActiveCfg = Debug|Any CPU
		{49A110E4-E381-427E-AD9D-78D2235C73FC}.Debug|x86.Build.0 = Debug|Any CPU
		{49A110E4-E381-427E-AD9D-78D2235C73FC}.Release|Any CPU.ActiveCfg = Release|Any CPU
		{49A110E4-E381-427E-AD9D-78D2235C73FC}.Release|Any CPU.Build.0 = Release|Any CPU
		{49A110E4-E381-427E-AD9D-78D2235C73FC}.Release|x64.ActiveCfg = Release|Any CPU
		{49A110E4-E381-427E-AD9D-78D2235C73FC}.Release|x64.Build.0 = Release|Any CPU
		{49A110E4-E381-427E-AD9D-78D2235C73FC}.Release|x86.ActiveCfg = Release|Any CPU
		{49A110E4-E381-427E-AD9D-78D2235C73FC}.Release|x86.Build.0 = Release|Any CPU
	EndGlobalSection
	GlobalSection(SolutionProperties) = preSolution
		HideSolutionNode = FALSE
	EndGlobalSection
EndGlobal
